
Microsoft Visual Studio Solution File, Format Version 12.00
# Visual Studio Version 16
VisualStudioVersion = 16.0.30330.147
MinimumVisualStudioVersion = 10.0.40219.1
Project("{9A19103F-16F7-4668-BE54-9A1E7A4F7556}") = "Auction", "Auction\Auction.csproj", "{4456401F-F6C3-42CC-9B9D-55C851C55866}"
EndProject
Project("{FAE04EC0-301F-11D3-BF4B-00C04F79EFBC}") = "Client", "Client2\Client.csproj", "{166E9FF3-02D8-42E7-ACEF-2EA5A216BDEF}"
EndProject
Global
	GlobalSection(SolutionConfigurationPlatforms) = preSolution
		Debug|Any CPU = Debug|Any CPU
		Release|Any CPU = Release|Any CPU
	EndGlobalSection
	GlobalSection(ProjectConfigurationPlatforms) = postSolution
		{4456401F-F6C3-42CC-9B9D-55C851C55866}.Debug|Any CPU.ActiveCfg = Debug|Any CPU
		{4456401F-F6C3-42CC-9B9D-55C851C55866}.Debug|Any CPU.Build.0 = Debug|Any CPU
		{4456401F-F6C3-42CC-9B9D-55C851C55866}.Release|Any CPU.ActiveCfg = Release|Any CPU
		{4456401F-F6C3-42CC-9B9D-55C851C55866}.Release|Any CPU.Build.0 = Release|Any CPU
		{166E9FF3-02D8-42E7-ACEF-2EA5A216BDEF}.Debug|Any CPU.ActiveCfg = Debug|Any CPU
		{166E9FF3-02D8-42E7-ACEF-2EA5A216BDEF}.Debug|Any CPU.Build.0 = Debug|Any CPU
		{166E9FF3-02D8-42E7-ACEF-2EA5A216BDEF}.Release|Any CPU.ActiveCfg = Release|Any CPU
		{166E9FF3-02D8-42E7-ACEF-2EA5A216BDEF}.Release|Any CPU.Build.0 = Release|Any CPU
	EndGlobalSection
	GlobalSection(SolutionProperties) = preSolution
		HideSolutionNode = FALSE
	EndGlobalSection
	GlobalSection(ExtensibilityGlobals) = postSolution
		SolutionGuid = {36C419C7-CF86-4D09-8677-2A2F3CAB11E5}
	EndGlobalSection
EndGlobal
